
Microsoft Visual Studio Solution File, Format Version 12.00
# Visual Studio Version 17
VisualStudioVersion = 17.4.33205.214
MinimumVisualStudioVersion = 10.0.40219.1
Project("{FAE04EC0-301F-11D3-BF4B-00C04F79EFBC}") = "Api-Imagenes", "Api-Imagenes\Api-Imagenes.csproj", "{524DC070-17FD-42F4-9218-C2554B6396ED}"
EndProject
Global
	GlobalSection(SolutionConfigurationPlatforms) = preSolution
		Debug|Any CPU = Debug|Any CPU
		Release|Any CPU = Release|Any CPU
	EndGlobalSection
	GlobalSection(ProjectConfigurationPlatforms) = postSolution
		{524DC070-17FD-42F4-9218-C2554B6396ED}.Debug|Any CPU.ActiveCfg = Debug|Any CPU
		{524DC070-17FD-42F4-9218-C2554B6396ED}.Debug|Any CPU.Build.0 = Debug|Any CPU
		{524DC070-17FD-42F4-9218-C2554B6396ED}.Release|Any CPU.ActiveCfg = Release|Any CPU
		{524DC070-17FD-42F4-9218-C2554B6396ED}.Release|Any CPU.Build.0 = Release|Any CPU
	EndGlobalSection
	GlobalSection(SolutionProperties) = preSolution
		HideSolutionNode = FALSE
	EndGlobalSection
	GlobalSection(ExtensibilityGlobals) = postSolution
		SolutionGuid = {5D969A7A-DFA4-4CE0-8C70-5B7662747AE9}
	EndGlobalSection
EndGlobal
